
Microsoft Visual Studio Solution File, Format Version 12.00
# Visual Studio 2015
Project("{FAE04EC0-301F-11D3-BF4B-00C04F79EFBC}") = "Kaboom Racer.CSharp", "Kaboom Racer.CSharp.csproj", "{400D6454-4C1B-F00E-00AA-13A8CB5666A3}"
EndProject
Global
	GlobalSection(SolutionConfigurationPlatforms) = preSolution
		Debug|Any CPU = Debug|Any CPU
		Release|Any CPU = Release|Any CPU
	EndGlobalSection
	GlobalSection(ProjectConfigurationPlatforms) = postSolution
		{400D6454-4C1B-F00E-00AA-13A8CB5666A3}.Debug|Any CPU.ActiveCfg = Debug|Any CPU
		{400D6454-4C1B-F00E-00AA-13A8CB5666A3}.Debug|Any CPU.Build.0 = Debug|Any CPU
		{400D6454-4C1B-F00E-00AA-13A8CB5666A3}.Release|Any CPU.ActiveCfg = Release|Any CPU
		{400D6454-4C1B-F00E-00AA-13A8CB5666A3}.Release|Any CPU.Build.0 = Release|Any CPU
	EndGlobalSection
	GlobalSection(SolutionProperties) = preSolution
		HideSolutionNode = FALSE
	EndGlobalSection
EndGlobal
